
Microsoft Visual Studio Solution File, Format Version 12.00
# Visual Studio Version 17
VisualStudioVersion = 17.13.35919.96
MinimumVisualStudioVersion = 10.0.40219.1
Project("{8BC9CEB8-8B4A-11D0-8D11-00A0C91BC942}") = "CreateDoThi", "CreateDoThi\CreateDoThi.vcxproj", "{2677600B-926E-42C8-BABA-D9CF81F7CB09}"
EndProject
Project("{8BC9CEB8-8B4A-11D0-8D11-00A0C91BC942}") = "CapPhatBangVector", "CapPhatBangVector\CapPhatBangVector.vcxproj", "{904FAFEE-18C3-4F7F-A425-836D9D7C2EA6}"
EndProject
Project("{8BC9CEB8-8B4A-11D0-8D11-00A0C91BC942}") = "DinhChuCai", "DinhChuCai\DinhChuCai.vcxproj", "{B047B560-F197-4713-A60C-AFF08A208B11}"
EndProject
Project("{8BC9CEB8-8B4A-11D0-8D11-00A0C91BC942}") = "DinhCoLap", "DinhCoLap\DinhCoLap.vcxproj", "{A9704622-7821-40B8-8E46-F4A5142196E4}"
EndProject
Project("{8BC9CEB8-8B4A-11D0-8D11-00A0C91BC942}") = "DanhSachKe", "DanhSachKe\DanhSachKe.vcxproj", "{F1DFC446-A640-4394-964C-11C9B33567D0}"
EndProject
Project("{8BC9CEB8-8B4A-11D0-8D11-00A0C91BC942}") = "BacCuaDinh", "BacCuaDinh\BacCuaDinh.vcxproj", "{DAB969F4-D63D-44C5-8B8B-998232C1112D}"
EndProject
Project("{8BC9CEB8-8B4A-11D0-8D11-00A0C91BC942}") = "ColorSelction", "ColorSelction\ColorSelction.vcxproj", "{372E7BD5-ED6A-4BC4-89F6-0831AF2BDEFF}"
EndProject
Project("{8BC9CEB8-8B4A-11D0-8D11-00A0C91BC942}") = "DSKe-2", "DSKe-2\DSKe-2.vcxproj", "{E06C94F0-4CBD-457A-8102-DB368BC0551D}"
EndProject
Project("{8BC9CEB8-8B4A-11D0-8D11-00A0C91BC942}") = "DoThiDayDu", "DoThiDayDu\DoThiDayDu.vcxproj", "{DF5CE56D-B801-4643-919A-6165B4B0C548}"
EndProject
Project("{8BC9CEB8-8B4A-11D0-8D11-00A0C91BC942}") = "DoThiCoTrongSo", "DoThiCoTrongSo\DoThiCoTrongSo.vcxproj", "{D665ADE7-A82E-48C8-9F98-BBA5F2D31EE8}"
EndProject
Project("{8BC9CEB8-8B4A-11D0-8D11-00A0C91BC942}") = "LietKeCacDinhCoTheToiTuDinhS", "LietKeCacDinhCoTheToiTuDinhS\LietKeCacDinhCoTheToiTuDinhS.vcxproj", "{77EC6F56-DCE1-417C-95A2-ABAE6FA432FD}"
EndProject
Project("{8BC9CEB8-8B4A-11D0-8D11-00A0C91BC942}") = "Dijkstra", "Dijkstra\Dijkstra.vcxproj", "{3FDD5956-7C86-432C-937A-A149AAFF8313}"
EndProject
Global
	GlobalSection(SolutionConfigurationPlatforms) = preSolution
		Debug|x64 = Debug|x64
		Debug|x86 = Debug|x86
		Release|x64 = Release|x64
		Release|x86 = Release|x86
	EndGlobalSection
	GlobalSection(ProjectConfigurationPlatforms) = postSolution
		{2677600B-926E-42C8-BABA-D9CF81F7CB09}.Debug|x64.ActiveCfg = Debug|x64
		{2677600B-926E-42C8-BABA-D9CF81F7CB09}.Debug|x64.Build.0 = Debug|x64
		{2677600B-926E-42C8-BABA-D9CF81F7CB09}.Debug|x86.ActiveCfg = Debug|Win32
		{2677600B-926E-42C8-BABA-D9CF81F7CB09}.Debug|x86.Build.0 = Debug|Win32
		{2677600B-926E-42C8-BABA-D9CF81F7CB09}.Release|x64.ActiveCfg = Release|x64
		{2677600B-926E-42C8-BABA-D9CF81F7CB09}.Release|x64.Build.0 = Release|x64
		{2677600B-926E-42C8-BABA-D9CF81F7CB09}.Release|x86.ActiveCfg = Release|Win32
		{2677600B-926E-42C8-BABA-D9CF81F7CB09}.Release|x86.Build.0 = Release|Win32
		{904FAFEE-18C3-4F7F-A425-836D9D7C2EA6}.Debug|x64.ActiveCfg = Debug|x64
		{904FAFEE-18C3-4F7F-A425-836D9D7C2EA6}.Debug|x64.Build.0 = Debug|x64
		{904FAFEE-18C3-4F7F-A425-836D9D7C2EA6}.Debug|x86.ActiveCfg = Debug|Win32
		{904FAFEE-18C3-4F7F-A425-836D9D7C2EA6}.Debug|x86.Build.0 = Debug|Win32
		{904FAFEE-18C3-4F7F-A425-836D9D7C2EA6}.Release|x64.ActiveCfg = Release|x64
		{904FAFEE-18C3-4F7F-A425-836D9D7C2EA6}.Release|x64.Build.0 = Release|x64
		{904FAFEE-18C3-4F7F-A425-836D9D7C2EA6}.Release|x86.ActiveCfg = Release|Win32
		{904FAFEE-18C3-4F7F-A425-836D9D7C2EA6}.Release|x86.Build.0 = Release|Win32
		{B047B560-F197-4713-A60C-AFF08A208B11}.Debug|x64.ActiveCfg = Debug|x64
		{B047B560-F197-4713-A60C-AFF08A208B11}.Debug|x64.Build.0 = Debug|x64
		{B047B560-F197-4713-A60C-AFF08A208B11}.Debug|x86.ActiveCfg = Debug|Win32
		{B047B560-F197-4713-A60C-AFF08A208B11}.Debug|x86.Build.0 = Debug|Win32
		{B047B560-F197-4713-A60C-AFF08A208B11}.Release|x64.ActiveCfg = Release|x64
		{B047B560-F197-4713-A60C-AFF08A208B11}.Release|x64.Build.0 = Release|x64
		{B047B560-F197-4713-A60C-AFF08A208B11}.Release|x86.ActiveCfg = Release|Win32
		{B047B560-F197-4713-A60C-AFF08A208B11}.Release|x86.Build.0 = Release|Win32
		{A9704622-7821-40B8-8E46-F4A5142196E4}.Debug|x64.ActiveCfg = Debug|x64
		{A9704622-7821-40B8-8E46-F4A5142196E4}.Debug|x64.Build.0 = Debug|x64
		{A9704622-7821-40B8-8E46-F4A5142196E4}.Debug|x86.ActiveCfg = Debug|Win32
		{A9704622-7821-40B8-8E46-F4A5142196E4}.Debug|x86.Build.0 = Debug|Win32
		{A9704622-7821-40B8-8E46-F4A5142196E4}.Release|x64.ActiveCfg = Release|x64
		{A9704622-7821-40B8-8E46-F4A5142196E4}.Release|x64.Build.0 = Release|x64
		{A9704622-7821-40B8-8E46-F4A5142196E4}.Release|x86.ActiveCfg = Release|Win32
		{A9704622-7821-40B8-8E46-F4A5142196E4}.Release|x86.Build.0 = Release|Win32
		{F1DFC446-A640-4394-964C-11C9B33567D0}.Debug|x64.ActiveCfg = Debug|x64
		{F1DFC446-A640-4394-964C-11C9B33567D0}.Debug|x64.Build.0 = Debug|x64
		{F1DFC446-A640-4394-964C-11C9B33567D0}.Debug|x86.ActiveCfg = Debug|Win32
		{F1DFC446-A640-4394-964C-11C9B33567D0}.Debug|x86.Build.0 = Debug|Win32
		{F1DFC446-A640-4394-964C-11C9B33567D0}.Release|x64.ActiveCfg = Release|x64
		{F1DFC446-A640-4394-964C-11C9B33567D0}.Release|x64.Build.0 = Release|x64
		{F1DFC446-A640-4394-964C-11C9B33567D0}.Release|x86.ActiveCfg = Release|Win32
		{F1DFC446-A640-4394-964C-11C9B33567D0}.Release|x86.Build.0 = Release|Win32
		{DAB969F4-D63D-44C5-8B8B-998232C1112D}.Debug|x64.ActiveCfg = Debug|x64
		{DAB969F4-D63D-44C5-8B8B-998232C1112D}.Debug|x64.Build.0 = Debug|x64
		{DAB969F4-D63D-44C5-8B8B-998232C1112D}.Debug|x86.ActiveCfg = Debug|Win32
		{DAB969F4-D63D-44C5-8B8B-998232C1112D}.Debug|x86.Build.0 = Debug|Win32
		{DAB969F4-D63D-44C5-8B8B-998232C1112D}.Release|x64.ActiveCfg = Release|x64
		{DAB969F4-D63D-44C5-8B8B-998232C1112D}.Release|x64.Build.0 = Release|x64
		{DAB969F4-D63D-44C5-8B8B-998232C1112D}.Release|x86.ActiveCfg = Release|Win32
		{DAB969F4-D63D-44C5-8B8B-998232C1112D}.Release|x86.Build.0 = Release|Win32
		{372E7BD5-ED6A-4BC4-89F6-0831AF2BDEFF}.Debug|x64.ActiveCfg = Debug|x64
		{372E7BD5-ED6A-4BC4-89F6-0831AF2BDEFF}.Debug|x64.Build.0 = Debug|x64
		{372E7BD5-ED6A-4BC4-89F6-0831AF2BDEFF}.Debug|x86.ActiveCfg = Debug|Win32
		{372E7BD5-ED6A-4BC4-89F6-0831AF2BDEFF}.Debug|x86.Build.0 = Debug|Win32
		{372E7BD5-ED6A-4BC4-89F6-0831AF2BDEFF}.Release|x64.ActiveCfg = Release|x64
		{372E7BD5-ED6A-4BC4-89F6-0831AF2BDEFF}.Release|x64.Build.0 = Release|x64
		{372E7BD5-ED6A-4BC4-89F6-0831AF2BDEFF}.Release|x86.ActiveCfg = Release|Win32
		{372E7BD5-ED6A-4BC4-89F6-0831AF2BDEFF}.Release|x86.Build.0 = Release|Win32
		{E06C94F0-4CBD-457A-8102-DB368BC0551D}.Debug|x64.ActiveCfg = Debug|x64
		{E06C94F0-4CBD-457A-8102-DB368BC0551D}.Debug|x64.Build.0 = Debug|x64
		{E06C94F0-4CBD-457A-8102-DB368BC0551D}.Debug|x86.ActiveCfg = Debug|Win32
		{E06C94F0-4CBD-457A-8102-DB368BC0551D}.Debug|x86.Build.0 = Debug|Win32
		{E06C94F0-4CBD-457A-8102-DB368BC0551D}.Release|x64.ActiveCfg = Release|x64
		{E06C94F0-4CBD-457A-8102-DB368BC0551D}.Release|x64.Build.0 = Release|x64
		{E06C94F0-4CBD-457A-8102-DB368BC0551D}.Release|x86.ActiveCfg = Release|Win32
		{E06C94F0-4CBD-457A-8102-DB368BC0551D}.Release|x86.Build.0 = Release|Win32
		{DF5CE56D-B801-4643-919A-6165B4B0C548}.Debug|x64.ActiveCfg = Debug|x64
		{DF5CE56D-B801-4643-919A-6165B4B0C548}.Debug|x64.Build.0 = Debug|x64
		{DF5CE56D-B801-4643-919A-6165B4B0C548}.Debug|x86.ActiveCfg = Debug|Win32
		{DF5CE56D-B801-4643-919A-6165B4B0C548}.Debug|x86.Build.0 = Debug|Win32
		{DF5CE56D-B801-4643-919A-6165B4B0C548}.Release|x64.ActiveCfg = Release|x64
		{DF5CE56D-B801-4643-919A-6165B4B0C548}.Release|x64.Build.0 = Release|x64
		{DF5CE56D-B801-4643-919A-6165B4B0C548}.Release|x86.ActiveCfg = Release|Win32
		{DF5CE56D-B801-4643-919A-6165B4B0C548}.Release|x86.Build.0 = Release|Win32
		{D665ADE7-A82E-48C8-9F98-BBA5F2D31EE8}.Debug|x64.ActiveCfg = Debug|x64
		{D665ADE7-A82E-48C8-9F98-BBA5F2D31EE8}.Debug|x64.Build.0 = Debug|x64
		{D665ADE7-A82E-48C8-9F98-BBA5F2D31EE8}.Debug|x86.ActiveCfg = Debug|Win32
		{D665ADE7-A82E-48C8-9F98-BBA5F2D31EE8}.Debug|x86.Build.0 = Debug|Win32
		{D665ADE7-A82E-48C8-9F98-BBA5F2D31EE8}.Release|x64.ActiveCfg = Release|x64
		{D665ADE7-A82E-48C8-9F98-BBA5F2D31EE8}.Release|x64.Build.0 = Release|x64
		{D665ADE7-A82E-48C8-9F98-BBA5F2D31EE8}.Release|x86.ActiveCfg = Release|Win32
		{D665ADE7-A82E-48C8-9F98-BBA5F2D31EE8}.Release|x86.Build.0 = Release|Win32
		{77EC6F56-DCE1-417C-95A2-ABAE6FA432FD}.Debug|x64.ActiveCfg = Debug|x64
		{77EC6F56-DCE1-417C-95A2-ABAE6FA432FD}.Debug|x64.Build.0 = Debug|x64
		{77EC6F56-DCE1-417C-95A2-ABAE6FA432FD}.Debug|x86.ActiveCfg = Debug|Win32
		{77EC6F56-DCE1-417C-95A2-ABAE6FA432FD}.Debug|x86.Build.0 = Debug|Win32
		{77EC6F56-DCE1-417C-95A2-ABAE6FA432FD}.Release|x64.ActiveCfg = Release|x64
		{77EC6F56-DCE1-417C-95A2-ABAE6FA432FD}.Release|x64.Build.0 = Release|x64
		{77EC6F56-DCE1-417C-95A2-ABAE6FA432FD}.Release|x86.ActiveCfg = Release|Win32
		{77EC6F56-DCE1-417C-95A2-ABAE6FA432FD}.Release|x86.Build.0 = Release|Win32
		{3FDD5956-7C86-432C-937A-A149AAFF8313}.Debug|x64.ActiveCfg = Debug|x64
		{3FDD5956-7C86-432C-937A-A149AAFF8313}.Debug|x64.Build.0 = Debug|x64
		{3FDD5956-7C86-432C-937A-A149AAFF8313}.Debug|x86.ActiveCfg = Debug|Win32
		{3FDD5956-7C86-432C-937A-A149AAFF8313}.Debug|x86.Build.0 = Debug|Win32
		{3FDD5956-7C86-432C-937A-A149AAFF8313}.Release|x64.ActiveCfg = Release|x64
		{3FDD5956-7C86-432C-937A-A149AAFF8313}.Release|x64.Build.0 = Release|x64
		{3FDD5956-7C86-432C-937A-A149AAFF8313}.Release|x86.ActiveCfg = Release|Win32
		{3FDD5956-7C86-432C-937A-A149AAFF8313}.Release|x86.Build.0 = Release|Win32
	EndGlobalSection
	GlobalSection(SolutionProperties) = preSolution
		HideSolutionNode = FALSE
	EndGlobalSection
	GlobalSection(ExtensibilityGlobals) = postSolution
		SolutionGuid = {ADB9493F-5909-4E2D-A455-EB1C2FA82CC8}
	EndGlobalSection
EndGlobal
