
Microsoft Visual Studio Solution File, Format Version 12.00
# Visual Studio Version 17
VisualStudioVersion = 17.13.35919.96 d17.13
MinimumVisualStudioVersion = 10.0.40219.1
Project("{8BC9CEB8-8B4A-11D0-8D11-00A0C91BC942}") = "Search-Sort", "Search-Sort\Search-Sort.vcxproj", "{ECE262EB-8E58-4C79-AE2F-18535BC80508}"
EndProject
Global
	GlobalSection(SolutionConfigurationPlatforms) = preSolution
		Debug|x64 = Debug|x64
		Debug|x86 = Debug|x86
		Release|x64 = Release|x64
		Release|x86 = Release|x86
	EndGlobalSection
	GlobalSection(ProjectConfigurationPlatforms) = postSolution
		{ECE262EB-8E58-4C79-AE2F-18535BC80508}.Debug|x64.ActiveCfg = Debug|x64
		{ECE262EB-8E58-4C79-AE2F-18535BC80508}.Debug|x64.Build.0 = Debug|x64
		{ECE262EB-8E58-4C79-AE2F-18535BC80508}.Debug|x86.ActiveCfg = Debug|Win32
		{ECE262EB-8E58-4C79-AE2F-18535BC80508}.Debug|x86.Build.0 = Debug|Win32
		{ECE262EB-8E58-4C79-AE2F-18535BC80508}.Release|x64.ActiveCfg = Release|x64
		{ECE262EB-8E58-4C79-AE2F-18535BC80508}.Release|x64.Build.0 = Release|x64
		{ECE262EB-8E58-4C79-AE2F-18535BC80508}.Release|x86.ActiveCfg = Release|Win32
		{ECE262EB-8E58-4C79-AE2F-18535BC80508}.Release|x86.Build.0 = Release|Win32
	EndGlobalSection
	GlobalSection(SolutionProperties) = preSolution
		HideSolutionNode = FALSE
	EndGlobalSection
	GlobalSection(ExtensibilityGlobals) = postSolution
		SolutionGuid = {346FF309-FD7A-4BC1-B660-81A827C7A30B}
	EndGlobalSection
EndGlobal
