
Microsoft Visual Studio Solution File, Format Version 12.00
# Visual Studio Version 17
VisualStudioVersion = 17.13.35919.96
MinimumVisualStudioVersion = 10.0.40219.1
Project("{8BC9CEB8-8B4A-11D0-8D11-00A0C91BC942}") = "Create1", "Create1\Create1.vcxproj", "{0AF742A8-EA98-4589-881E-9339ED0A71FB}"
EndProject
Project("{8BC9CEB8-8B4A-11D0-8D11-00A0C91BC942}") = "Create2", "Create2\Create2.vcxproj", "{83D5FA63-2024-439F-95CD-EC8D6241A13F}"
EndProject
Project("{8BC9CEB8-8B4A-11D0-8D11-00A0C91BC942}") = "LoaiBoEleTrung", "LoaiBoEleTrung\LoaiBoEleTrung.vcxproj", "{4F7290CD-C32A-4443-91B3-424CB3393BE3}"
EndProject
Project("{8BC9CEB8-8B4A-11D0-8D11-00A0C91BC942}") = "XuatHien1LanTrongMaTran", "XuatHien1LanTrongMaTran\XuatHien1LanTrongMaTran.vcxproj", "{497EBBEA-4241-4B3B-BCA4-F4EC9AC9FC24}"
EndProject
Project("{8BC9CEB8-8B4A-11D0-8D11-00A0C91BC942}") = "soChuCaiChuaXuatHien", "soChuCaiChuaXuatHien\soChuCaiChuaXuatHien.vcxproj", "{BD8A451C-42A8-4AAB-8D39-85B71DEFA761}"
EndProject
Project("{8BC9CEB8-8B4A-11D0-8D11-00A0C91BC942}") = "FindMEX(STL map)", "FindMEX(STL map)\FindMEX(STL map).vcxproj", "{528BA750-05B0-43E5-93D0-788B856350F4}"
EndProject
Project("{8BC9CEB8-8B4A-11D0-8D11-00A0C91BC942}") = "FindMEX (STL set)", "FindMEX (STL set)\FindMEX (STL set).vcxproj", "{92F005C3-B48A-42C6-8FF7-195A482493FF}"
EndProject
Project("{8BC9CEB8-8B4A-11D0-8D11-00A0C91BC942}") = "FindMEX(STL vector)", "FindMEX(STL vector)\FindMEX(STL vector).vcxproj", "{4C2FC1AC-3FE6-4C2C-989F-C89127F5E42A}"
EndProject
Project("{8BC9CEB8-8B4A-11D0-8D11-00A0C91BC942}") = "CreateHashTable3", "CreateHashTable3\CreateHashTable3.vcxproj", "{3AD3554B-F099-4475-8C8F-84CE61356054}"
EndProject
Project("{8BC9CEB8-8B4A-11D0-8D11-00A0C91BC942}") = "Create4", "Create4\Create4.vcxproj", "{66DB3207-A153-4056-A5BE-F727D4BEB8DF}"
EndProject
Project("{8BC9CEB8-8B4A-11D0-8D11-00A0C91BC942}") = "Login", "Login\Login.vcxproj", "{4EBA7FF9-25BF-44AC-97ED-7B22715BAA70}"
EndProject
Project("{8BC9CEB8-8B4A-11D0-8D11-00A0C91BC942}") = "KiemKe", "KiemKe\KiemKe.vcxproj", "{F224F652-7FF9-407C-9ACD-FB339B0B4C29}"
EndProject
Project("{8BC9CEB8-8B4A-11D0-8D11-00A0C91BC942}") = "Login2", "Login2\Login2.vcxproj", "{233CC791-DBF9-40E9-96A3-4F2A32096EB4}"
EndProject
Global
	GlobalSection(SolutionConfigurationPlatforms) = preSolution
		Debug|x64 = Debug|x64
		Debug|x86 = Debug|x86
		Release|x64 = Release|x64
		Release|x86 = Release|x86
	EndGlobalSection
	GlobalSection(ProjectConfigurationPlatforms) = postSolution
		{0AF742A8-EA98-4589-881E-9339ED0A71FB}.Debug|x64.ActiveCfg = Debug|x64
		{0AF742A8-EA98-4589-881E-9339ED0A71FB}.Debug|x64.Build.0 = Debug|x64
		{0AF742A8-EA98-4589-881E-9339ED0A71FB}.Debug|x86.ActiveCfg = Debug|Win32
		{0AF742A8-EA98-4589-881E-9339ED0A71FB}.Debug|x86.Build.0 = Debug|Win32
		{0AF742A8-EA98-4589-881E-9339ED0A71FB}.Release|x64.ActiveCfg = Release|x64
		{0AF742A8-EA98-4589-881E-9339ED0A71FB}.Release|x64.Build.0 = Release|x64
		{0AF742A8-EA98-4589-881E-9339ED0A71FB}.Release|x86.ActiveCfg = Release|Win32
		{0AF742A8-EA98-4589-881E-9339ED0A71FB}.Release|x86.Build.0 = Release|Win32
		{83D5FA63-2024-439F-95CD-EC8D6241A13F}.Debug|x64.ActiveCfg = Debug|x64
		{83D5FA63-2024-439F-95CD-EC8D6241A13F}.Debug|x64.Build.0 = Debug|x64
		{83D5FA63-2024-439F-95CD-EC8D6241A13F}.Debug|x86.ActiveCfg = Debug|Win32
		{83D5FA63-2024-439F-95CD-EC8D6241A13F}.Debug|x86.Build.0 = Debug|Win32
		{83D5FA63-2024-439F-95CD-EC8D6241A13F}.Release|x64.ActiveCfg = Release|x64
		{83D5FA63-2024-439F-95CD-EC8D6241A13F}.Release|x64.Build.0 = Release|x64
		{83D5FA63-2024-439F-95CD-EC8D6241A13F}.Release|x86.ActiveCfg = Release|Win32
		{83D5FA63-2024-439F-95CD-EC8D6241A13F}.Release|x86.Build.0 = Release|Win32
		{4F7290CD-C32A-4443-91B3-424CB3393BE3}.Debug|x64.ActiveCfg = Debug|x64
		{4F7290CD-C32A-4443-91B3-424CB3393BE3}.Debug|x64.Build.0 = Debug|x64
		{4F7290CD-C32A-4443-91B3-424CB3393BE3}.Debug|x86.ActiveCfg = Debug|Win32
		{4F7290CD-C32A-4443-91B3-424CB3393BE3}.Debug|x86.Build.0 = Debug|Win32
		{4F7290CD-C32A-4443-91B3-424CB3393BE3}.Release|x64.ActiveCfg = Release|x64
		{4F7290CD-C32A-4443-91B3-424CB3393BE3}.Release|x64.Build.0 = Release|x64
		{4F7290CD-C32A-4443-91B3-424CB3393BE3}.Release|x86.ActiveCfg = Release|Win32
		{4F7290CD-C32A-4443-91B3-424CB3393BE3}.Release|x86.Build.0 = Release|Win32
		{497EBBEA-4241-4B3B-BCA4-F4EC9AC9FC24}.Debug|x64.ActiveCfg = Debug|x64
		{497EBBEA-4241-4B3B-BCA4-F4EC9AC9FC24}.Debug|x64.Build.0 = Debug|x64
		{497EBBEA-4241-4B3B-BCA4-F4EC9AC9FC24}.Debug|x86.ActiveCfg = Debug|Win32
		{497EBBEA-4241-4B3B-BCA4-F4EC9AC9FC24}.Debug|x86.Build.0 = Debug|Win32
		{497EBBEA-4241-4B3B-BCA4-F4EC9AC9FC24}.Release|x64.ActiveCfg = Release|x64
		{497EBBEA-4241-4B3B-BCA4-F4EC9AC9FC24}.Release|x64.Build.0 = Release|x64
		{497EBBEA-4241-4B3B-BCA4-F4EC9AC9FC24}.Release|x86.ActiveCfg = Release|Win32
		{497EBBEA-4241-4B3B-BCA4-F4EC9AC9FC24}.Release|x86.Build.0 = Release|Win32
		{BD8A451C-42A8-4AAB-8D39-85B71DEFA761}.Debug|x64.ActiveCfg = Debug|x64
		{BD8A451C-42A8-4AAB-8D39-85B71DEFA761}.Debug|x64.Build.0 = Debug|x64
		{BD8A451C-42A8-4AAB-8D39-85B71DEFA761}.Debug|x86.ActiveCfg = Debug|Win32
		{BD8A451C-42A8-4AAB-8D39-85B71DEFA761}.Debug|x86.Build.0 = Debug|Win32
		{BD8A451C-42A8-4AAB-8D39-85B71DEFA761}.Release|x64.ActiveCfg = Release|x64
		{BD8A451C-42A8-4AAB-8D39-85B71DEFA761}.Release|x64.Build.0 = Release|x64
		{BD8A451C-42A8-4AAB-8D39-85B71DEFA761}.Release|x86.ActiveCfg = Release|Win32
		{BD8A451C-42A8-4AAB-8D39-85B71DEFA761}.Release|x86.Build.0 = Release|Win32
		{528BA750-05B0-43E5-93D0-788B856350F4}.Debug|x64.ActiveCfg = Debug|x64
		{528BA750-05B0-43E5-93D0-788B856350F4}.Debug|x64.Build.0 = Debug|x64
		{528BA750-05B0-43E5-93D0-788B856350F4}.Debug|x86.ActiveCfg = Debug|Win32
		{528BA750-05B0-43E5-93D0-788B856350F4}.Debug|x86.Build.0 = Debug|Win32
		{528BA750-05B0-43E5-93D0-788B856350F4}.Release|x64.ActiveCfg = Release|x64
		{528BA750-05B0-43E5-93D0-788B856350F4}.Release|x64.Build.0 = Release|x64
		{528BA750-05B0-43E5-93D0-788B856350F4}.Release|x86.ActiveCfg = Release|Win32
		{528BA750-05B0-43E5-93D0-788B856350F4}.Release|x86.Build.0 = Release|Win32
		{92F005C3-B48A-42C6-8FF7-195A482493FF}.Debug|x64.ActiveCfg = Debug|x64
		{92F005C3-B48A-42C6-8FF7-195A482493FF}.Debug|x64.Build.0 = Debug|x64
		{92F005C3-B48A-42C6-8FF7-195A482493FF}.Debug|x86.ActiveCfg = Debug|Win32
		{92F005C3-B48A-42C6-8FF7-195A482493FF}.Debug|x86.Build.0 = Debug|Win32
		{92F005C3-B48A-42C6-8FF7-195A482493FF}.Release|x64.ActiveCfg = Release|x64
		{92F005C3-B48A-42C6-8FF7-195A482493FF}.Release|x64.Build.0 = Release|x64
		{92F005C3-B48A-42C6-8FF7-195A482493FF}.Release|x86.ActiveCfg = Release|Win32
		{92F005C3-B48A-42C6-8FF7-195A482493FF}.Release|x86.Build.0 = Release|Win32
		{4C2FC1AC-3FE6-4C2C-989F-C89127F5E42A}.Debug|x64.ActiveCfg = Debug|x64
		{4C2FC1AC-3FE6-4C2C-989F-C89127F5E42A}.Debug|x64.Build.0 = Debug|x64
		{4C2FC1AC-3FE6-4C2C-989F-C89127F5E42A}.Debug|x86.ActiveCfg = Debug|Win32
		{4C2FC1AC-3FE6-4C2C-989F-C89127F5E42A}.Debug|x86.Build.0 = Debug|Win32
		{4C2FC1AC-3FE6-4C2C-989F-C89127F5E42A}.Release|x64.ActiveCfg = Release|x64
		{4C2FC1AC-3FE6-4C2C-989F-C89127F5E42A}.Release|x64.Build.0 = Release|x64
		{4C2FC1AC-3FE6-4C2C-989F-C89127F5E42A}.Release|x86.ActiveCfg = Release|Win32
		{4C2FC1AC-3FE6-4C2C-989F-C89127F5E42A}.Release|x86.Build.0 = Release|Win32
		{3AD3554B-F099-4475-8C8F-84CE61356054}.Debug|x64.ActiveCfg = Debug|x64
		{3AD3554B-F099-4475-8C8F-84CE61356054}.Debug|x64.Build.0 = Debug|x64
		{3AD3554B-F099-4475-8C8F-84CE61356054}.Debug|x86.ActiveCfg = Debug|Win32
		{3AD3554B-F099-4475-8C8F-84CE61356054}.Debug|x86.Build.0 = Debug|Win32
		{3AD3554B-F099-4475-8C8F-84CE61356054}.Release|x64.ActiveCfg = Release|x64
		{3AD3554B-F099-4475-8C8F-84CE61356054}.Release|x64.Build.0 = Release|x64
		{3AD3554B-F099-4475-8C8F-84CE61356054}.Release|x86.ActiveCfg = Release|Win32
		{3AD3554B-F099-4475-8C8F-84CE61356054}.Release|x86.Build.0 = Release|Win32
		{66DB3207-A153-4056-A5BE-F727D4BEB8DF}.Debug|x64.ActiveCfg = Debug|x64
		{66DB3207-A153-4056-A5BE-F727D4BEB8DF}.Debug|x64.Build.0 = Debug|x64
		{66DB3207-A153-4056-A5BE-F727D4BEB8DF}.Debug|x86.ActiveCfg = Debug|Win32
		{66DB3207-A153-4056-A5BE-F727D4BEB8DF}.Debug|x86.Build.0 = Debug|Win32
		{66DB3207-A153-4056-A5BE-F727D4BEB8DF}.Release|x64.ActiveCfg = Release|x64
		{66DB3207-A153-4056-A5BE-F727D4BEB8DF}.Release|x64.Build.0 = Release|x64
		{66DB3207-A153-4056-A5BE-F727D4BEB8DF}.Release|x86.ActiveCfg = Release|Win32
		{66DB3207-A153-4056-A5BE-F727D4BEB8DF}.Release|x86.Build.0 = Release|Win32
		{4EBA7FF9-25BF-44AC-97ED-7B22715BAA70}.Debug|x64.ActiveCfg = Debug|x64
		{4EBA7FF9-25BF-44AC-97ED-7B22715BAA70}.Debug|x64.Build.0 = Debug|x64
		{4EBA7FF9-25BF-44AC-97ED-7B22715BAA70}.Debug|x86.ActiveCfg = Debug|Win32
		{4EBA7FF9-25BF-44AC-97ED-7B22715BAA70}.Debug|x86.Build.0 = Debug|Win32
		{4EBA7FF9-25BF-44AC-97ED-7B22715BAA70}.Release|x64.ActiveCfg = Release|x64
		{4EBA7FF9-25BF-44AC-97ED-7B22715BAA70}.Release|x64.Build.0 = Release|x64
		{4EBA7FF9-25BF-44AC-97ED-7B22715BAA70}.Release|x86.ActiveCfg = Release|Win32
		{4EBA7FF9-25BF-44AC-97ED-7B22715BAA70}.Release|x86.Build.0 = Release|Win32
		{F224F652-7FF9-407C-9ACD-FB339B0B4C29}.Debug|x64.ActiveCfg = Debug|x64
		{F224F652-7FF9-407C-9ACD-FB339B0B4C29}.Debug|x64.Build.0 = Debug|x64
		{F224F652-7FF9-407C-9ACD-FB339B0B4C29}.Debug|x86.ActiveCfg = Debug|Win32
		{F224F652-7FF9-407C-9ACD-FB339B0B4C29}.Debug|x86.Build.0 = Debug|Win32
		{F224F652-7FF9-407C-9ACD-FB339B0B4C29}.Release|x64.ActiveCfg = Release|x64
		{F224F652-7FF9-407C-9ACD-FB339B0B4C29}.Release|x64.Build.0 = Release|x64
		{F224F652-7FF9-407C-9ACD-FB339B0B4C29}.Release|x86.ActiveCfg = Release|Win32
		{F224F652-7FF9-407C-9ACD-FB339B0B4C29}.Release|x86.Build.0 = Release|Win32
		{233CC791-DBF9-40E9-96A3-4F2A32096EB4}.Debug|x64.ActiveCfg = Debug|x64
		{233CC791-DBF9-40E9-96A3-4F2A32096EB4}.Debug|x64.Build.0 = Debug|x64
		{233CC791-DBF9-40E9-96A3-4F2A32096EB4}.Debug|x86.ActiveCfg = Debug|Win32
		{233CC791-DBF9-40E9-96A3-4F2A32096EB4}.Debug|x86.Build.0 = Debug|Win32
		{233CC791-DBF9-40E9-96A3-4F2A32096EB4}.Release|x64.ActiveCfg = Release|x64
		{233CC791-DBF9-40E9-96A3-4F2A32096EB4}.Release|x64.Build.0 = Release|x64
		{233CC791-DBF9-40E9-96A3-4F2A32096EB4}.Release|x86.ActiveCfg = Release|Win32
		{233CC791-DBF9-40E9-96A3-4F2A32096EB4}.Release|x86.Build.0 = Release|Win32
	EndGlobalSection
	GlobalSection(SolutionProperties) = preSolution
		HideSolutionNode = FALSE
	EndGlobalSection
	GlobalSection(ExtensibilityGlobals) = postSolution
		SolutionGuid = {04E9FB47-A7B5-4E92-99D0-21882962E569}
	EndGlobalSection
EndGlobal
